// !$*UTF8*$!
{
	archiveVersion = 1;
	classes = {
	};
	objectVersion = 46;
	objects = {

/* Begin PBXBuildFile section */
		B8361A205E03D2AE7F06BF3D /* Pods_GoneVisibleExampleUITests.framework in Frameworks */ = {isa = PBXBuildFile; fileRef = 77E4D0E9B00CE0BDA973838B /* Pods_GoneVisibleExampleUITests.framework */; };
		D4DAC304DD787ED6755AECDF /* Pods_GoneVisibleExample.framework in Frameworks */ = {isa = PBXBuildFile; fileRef = 9266131F26D9082C5DBA744D /* Pods_GoneVisibleExample.framework */; };
		F07CA0AE1EAE463B005A240A /* AppDelegate.swift in Sources */ = {isa = PBXBuildFile; fileRef = F07CA0AD1EAE463B005A240A /* AppDelegate.swift */; };
		F07CA0B01EAE463B005A240A /* ViewController.swift in Sources */ = {isa = PBXBuildFile; fileRef = F07CA0AF1EAE463B005A240A /* ViewController.swift */; };
		F07CA0B31EAE463B005A240A /* Main.storyboard in Resources */ = {isa = PBXBuildFile; fileRef = F07CA0B11EAE463B005A240A /* Main.storyboard */; };
		F07CA0B51EAE463B005A240A /* Assets.xcassets in Resources */ = {isa = PBXBuildFile; fileRef = F07CA0B41EAE463B005A240A /* Assets.xcassets */; };
		F07CA0B81EAE463B005A240A /* LaunchScreen.storyboard in Resources */ = {isa = PBXBuildFile; fileRef = F07CA0B61EAE463B005A240A /* LaunchScreen.storyboard */; };
		F07CA0C31EAE463B005A240A /* GoneVisibleExampleTests.swift in Sources */ = {isa = PBXBuildFile; fileRef = F07CA0C21EAE463B005A240A /* GoneVisibleExampleTests.swift */; };
		F07CA0CE1EAE463B005A240A /* GoneVisibleExampleUITests.swift in Sources */ = {isa = PBXBuildFile; fileRef = F07CA0CD1EAE463B005A240A /* GoneVisibleExampleUITests.swift */; };
		F08BAEC81EAE5DAA0011E18A /* GoneVisible.framework in Frameworks */ = {isa = PBXBuildFile; fileRef = F08BAEC71EAE5DAA0011E18A /* GoneVisible.framework */; };
		F4FED957348A9AB79CC46556 /* Pods_GoneVisibleExampleTests.framework in Frameworks */ = {isa = PBXBuildFile; fileRef = A8574F6F87AA52C4A93DA2DA /* Pods_GoneVisibleExampleTests.framework */; };
/* End PBXBuildFile section */

/* Begin PBXContainerItemProxy section */
		F07CA0BF1EAE463B005A240A /* PBXContainerItemProxy */ = {
			isa = PBXContainerItemProxy;
			containerPortal = F07CA0A21EAE463A005A240A /* Project object */;
			proxyType = 1;
			remoteGlobalIDString = F07CA0A91EAE463B005A240A;
			remoteInfo = GoneVisibleExample;
		};
		F07CA0CA1EAE463B005A240A /* PBXContainerItemProxy */ = {
			isa = PBXContainerItemProxy;
			containerPortal = F07CA0A21EAE463A005A240A /* Project object */;
			proxyType = 1;
			remoteGlobalIDString = F07CA0A91EAE463B005A240A;
			remoteInfo = GoneVisibleExample;
		};
/* End PBXContainerItemProxy section */

/* Begin PBXFileReference section */
		0148BBA7F3C5FF7C281DA238 /* Pods-GoneVisibleExampleUITests.debug.xcconfig */ = {isa = PBXFileReference; includeInIndex = 1; lastKnownFileType = text.xcconfig; name = "Pods-GoneVisibleExampleUITests.debug.xcconfig"; path = "Pods/Target Support Files/Pods-GoneVisibleExampleUITests/Pods-GoneVisibleExampleUITests.debug.xcconfig"; sourceTree = "<group>"; };
		20E20E9711DABFD4E922B9C8 /* Pods-GoneVisibleExampleTests.debug.xcconfig */ = {isa = PBXFileReference; includeInIndex = 1; lastKnownFileType = text.xcconfig; name = "Pods-GoneVisibleExampleTests.debug.xcconfig"; path = "Pods/Target Support Files/Pods-GoneVisibleExampleTests/Pods-GoneVisibleExampleTests.debug.xcconfig"; sourceTree = "<group>"; };
		717CAF83B383136A0615CA59 /* Pods-GoneVisibleExample.release.xcconfig */ = {isa = PBXFileReference; includeInIndex = 1; lastKnownFileType = text.xcconfig; name = "Pods-GoneVisibleExample.release.xcconfig"; path = "Pods/Target Support Files/Pods-GoneVisibleExample/Pods-GoneVisibleExample.release.xcconfig"; sourceTree = "<group>"; };
		77E4D0E9B00CE0BDA973838B /* Pods_GoneVisibleExampleUITests.framework */ = {isa = PBXFileReference; explicitFileType = wrapper.framework; includeInIndex = 0; path = Pods_GoneVisibleExampleUITests.framework; sourceTree = BUILT_PRODUCTS_DIR; };
		7C6C2EE2368E7DE55923FB9B /* Pods-GoneVisibleExampleTests.release.xcconfig */ = {isa = PBXFileReference; includeInIndex = 1; lastKnownFileType = text.xcconfig; name = "Pods-GoneVisibleExampleTests.release.xcconfig"; path = "Pods/Target Support Files/Pods-GoneVisibleExampleTests/Pods-GoneVisibleExampleTests.release.xcconfig"; sourceTree = "<group>"; };
		9266131F26D9082C5DBA744D /* Pods_GoneVisibleExample.framework */ = {isa = PBXFileReference; explicitFileType = wrapper.framework; includeInIndex = 0; path = Pods_GoneVisibleExample.framework; sourceTree = BUILT_PRODUCTS_DIR; };
		A8574F6F87AA52C4A93DA2DA /* Pods_GoneVisibleExampleTests.framework */ = {isa = PBXFileReference; explicitFileType = wrapper.framework; includeInIndex = 0; path = Pods_GoneVisibleExampleTests.framework; sourceTree = BUILT_PRODUCTS_DIR; };
		F07CA0AA1EAE463B005A240A /* GoneVisibleExample.app */ = {isa = PBXFileReference; explicitFileType = wrapper.application; includeInIndex = 0; path = GoneVisibleExample.app; sourceTree = BUILT_PRODUCTS_DIR; };
		F07CA0AD1EAE463B005A240A /* AppDelegate.swift */ = {isa = PBXFileReference; lastKnownFileType = sourcecode.swift; path = AppDelegate.swift; sourceTree = "<group>"; };
		F07CA0AF1EAE463B005A240A /* ViewController.swift */ = {isa = PBXFileReference; lastKnownFileType = sourcecode.swift; path = ViewController.swift; sourceTree = "<group>"; };
		F07CA0B21EAE463B005A240A /* Base */ = {isa = PBXFileReference; lastKnownFileType = file.storyboard; name = Base; path = Base.lproj/Main.storyboard; sourceTree = "<group>"; };
		F07CA0B41EAE463B005A240A /* Assets.xcassets */ = {isa = PBXFileReference; lastKnownFileType = folder.assetcatalog; path = Assets.xcassets; sourceTree = "<group>"; };
		F07CA0B71EAE463B005A240A /* Base */ = {isa = PBXFileReference; lastKnownFileType = file.storyboard; name = Base; path = Base.lproj/LaunchScreen.storyboard; sourceTree = "<group>"; };
		F07CA0B91EAE463B005A240A /* Info.plist */ = {isa = PBXFileReference; lastKnownFileType = text.plist.xml; path = Info.plist; sourceTree = "<group>"; };
		F07CA0BE1EAE463B005A240A /* GoneVisibleExampleTests.xctest */ = {isa = PBXFileReference; explicitFileType = wrapper.cfbundle; includeInIndex = 0; path = GoneVisibleExampleTests.xctest; sourceTree = BUILT_PRODUCTS_DIR; };
		F07CA0C21EAE463B005A240A /* GoneVisibleExampleTests.swift */ = {isa = PBXFileReference; lastKnownFileType = sourcecode.swift; path = GoneVisibleExampleTests.swift; sourceTree = "<group>"; };
		F07CA0C41EAE463B005A240A /* Info.plist */ = {isa = PBXFileReference; lastKnownFileType = text.plist.xml; path = Info.plist; sourceTree = "<group>"; };
		F07CA0C91EAE463B005A240A /* GoneVisibleExampleUITests.xctest */ = {isa = PBXFileReference; explicitFileType = wrapper.cfbundle; includeInIndex = 0; path = GoneVisibleExampleUITests.xctest; sourceTree = BUILT_PRODUCTS_DIR; };
		F07CA0CD1EAE463B005A240A /* GoneVisibleExampleUITests.swift */ = {isa = PBXFileReference; lastKnownFileType = sourcecode.swift; path = GoneVisibleExampleUITests.swift; sourceTree = "<group>"; };
		F07CA0CF1EAE463B005A240A /* Info.plist */ = {isa = PBXFileReference; lastKnownFileType = text.plist.xml; path = Info.plist; sourceTree = "<group>"; };
		F08BAEC71EAE5DAA0011E18A /* GoneVisible.framework */ = {isa = PBXFileReference; lastKnownFileType = wrapper.framework; name = GoneVisible.framework; path = "../../../../../Library/Developer/Xcode/DerivedData/GoneVisible-dbpyliptrqtcgjgsezdzetfvlkom/Build/Products/Debug-iphonesimulator/GoneVisible.framework"; sourceTree = "<group>"; };
		FEE61CC6460D54C13F34B04A /* Pods-GoneVisibleExampleUITests.release.xcconfig */ = {isa = PBXFileReference; includeInIndex = 1; lastKnownFileType = text.xcconfig; name = "Pods-GoneVisibleExampleUITests.release.xcconfig"; path = "Pods/Target Support Files/Pods-GoneVisibleExampleUITests/Pods-GoneVisibleExampleUITests.release.xcconfig"; sourceTree = "<group>"; };
		FFD71F30332287B507935F7A /* Pods-GoneVisibleExample.debug.xcconfig */ = {isa = PBXFileReference; includeInIndex = 1; lastKnownFileType = text.xcconfig; name = "Pods-GoneVisibleExample.debug.xcconfig"; path = "Pods/Target Support Files/Pods-GoneVisibleExample/Pods-GoneVisibleExample.debug.xcconfig"; sourceTree = "<group>"; };
/* End PBXFileReference section */

/* Begin PBXFrameworksBuildPhase section */
		F07CA0A71EAE463B005A240A /* Frameworks */ = {
			isa = PBXFrameworksBuildPhase;
			buildActionMask = 2147483647;
			files = (
				F08BAEC81EAE5DAA0011E18A /* GoneVisible.framework in Frameworks */,
				D4DAC304DD787ED6755AECDF /* Pods_GoneVisibleExample.framework in Frameworks */,
			);
			runOnlyForDeploymentPostprocessing = 0;
		};
		F07CA0BB1EAE463B005A240A /* Frameworks */ = {
			isa = PBXFrameworksBuildPhase;
			buildActionMask = 2147483647;
			files = (
				F4FED957348A9AB79CC46556 /* Pods_GoneVisibleExampleTests.framework in Frameworks */,
			);
			runOnlyForDeploymentPostprocessing = 0;
		};
		F07CA0C61EAE463B005A240A /* Frameworks */ = {
			isa = PBXFrameworksBuildPhase;
			buildActionMask = 2147483647;
			files = (
				B8361A205E03D2AE7F06BF3D /* Pods_GoneVisibleExampleUITests.framework in Frameworks */,
			);
			runOnlyForDeploymentPostprocessing = 0;
		};
/* End PBXFrameworksBuildPhase section */

/* Begin PBXGroup section */
		3DA7D19A4F8D16F590472C36 /* Pods */ = {
			isa = PBXGroup;
			children = (
				FFD71F30332287B507935F7A /* Pods-GoneVisibleExample.debug.xcconfig */,
				717CAF83B383136A0615CA59 /* Pods-GoneVisibleExample.release.xcconfig */,
				20E20E9711DABFD4E922B9C8 /* Pods-GoneVisibleExampleTests.debug.xcconfig */,
				7C6C2EE2368E7DE55923FB9B /* Pods-GoneVisibleExampleTests.release.xcconfig */,
				0148BBA7F3C5FF7C281DA238 /* Pods-GoneVisibleExampleUITests.debug.xcconfig */,
				FEE61CC6460D54C13F34B04A /* Pods-GoneVisibleExampleUITests.release.xcconfig */,
			);
			name = Pods;
			sourceTree = "<group>";
		};
		F07CA0A11EAE463A005A240A = {
			isa = PBXGroup;
			children = (
				F07CA0AC1EAE463B005A240A /* GoneVisibleExample */,
				F07CA0C11EAE463B005A240A /* GoneVisibleExampleTests */,
				F07CA0CC1EAE463B005A240A /* GoneVisibleExampleUITests */,
				F07CA0AB1EAE463B005A240A /* Products */,
				F07CA11A1EAE4E65005A240A /* Frameworks */,
				3DA7D19A4F8D16F590472C36 /* Pods */,
			);
			sourceTree = "<group>";
		};
		F07CA0AB1EAE463B005A240A /* Products */ = {
			isa = PBXGroup;
			children = (
				F07CA0AA1EAE463B005A240A /* GoneVisibleExample.app */,
				F07CA0BE1EAE463B005A240A /* GoneVisibleExampleTests.xctest */,
				F07CA0C91EAE463B005A240A /* GoneVisibleExampleUITests.xctest */,
			);
			name = Products;
			sourceTree = "<group>";
		};
		F07CA0AC1EAE463B005A240A /* GoneVisibleExample */ = {
			isa = PBXGroup;
			children = (
				F07CA0AD1EAE463B005A240A /* AppDelegate.swift */,
				F07CA0AF1EAE463B005A240A /* ViewController.swift */,
				F07CA0B11EAE463B005A240A /* Main.storyboard */,
				F07CA0B41EAE463B005A240A /* Assets.xcassets */,
				F07CA0B61EAE463B005A240A /* LaunchScreen.storyboard */,
				F07CA0B91EAE463B005A240A /* Info.plist */,
			);
			path = GoneVisibleExample;
			sourceTree = "<group>";
		};
		F07CA0C11EAE463B005A240A /* GoneVisibleExampleTests */ = {
			isa = PBXGroup;
			children = (
				F07CA0C21EAE463B005A240A /* GoneVisibleExampleTests.swift */,
				F07CA0C41EAE463B005A240A /* Info.plist */,
			);
			path = GoneVisibleExampleTests;
			sourceTree = "<group>";
		};
		F07CA0CC1EAE463B005A240A /* GoneVisibleExampleUITests */ = {
			isa = PBXGroup;
			children = (
				F07CA0CD1EAE463B005A240A /* GoneVisibleExampleUITests.swift */,
				F07CA0CF1EAE463B005A240A /* Info.plist */,
			);
			path = GoneVisibleExampleUITests;
			sourceTree = "<group>";
		};
		F07CA11A1EAE4E65005A240A /* Frameworks */ = {
			isa = PBXGroup;
			children = (
				F08BAEC71EAE5DAA0011E18A /* GoneVisible.framework */,
				9266131F26D9082C5DBA744D /* Pods_GoneVisibleExample.framework */,
				A8574F6F87AA52C4A93DA2DA /* Pods_GoneVisibleExampleTests.framework */,
				77E4D0E9B00CE0BDA973838B /* Pods_GoneVisibleExampleUITests.framework */,
			);
			name = Frameworks;
			sourceTree = "<group>";
		};
/* End PBXGroup section */

/* Begin PBXNativeTarget section */
		F07CA0A91EAE463B005A240A /* GoneVisibleExample */ = {
			isa = PBXNativeTarget;
			buildConfigurationList = F07CA0D21EAE463B005A240A /* Build configuration list for PBXNativeTarget "GoneVisibleExample" */;
			buildPhases = (
				EE8200C1D11DEEF5BD2F8822 /* [CP] Check Pods Manifest.lock */,
				F07CA0A61EAE463B005A240A /* Sources */,
				F07CA0A71EAE463B005A240A /* Frameworks */,
				F07CA0A81EAE463B005A240A /* Resources */,
				653EB9AC4A9062A1E20D18DA /* [CP] Embed Pods Frameworks */,
				509D4A1CA27A43B057589F0D /* [CP] Copy Pods Resources */,
			);
			buildRules = (
			);
			dependencies = (
			);
			name = GoneVisibleExample;
			productName = GoneVisibleExample;
			productReference = F07CA0AA1EAE463B005A240A /* GoneVisibleExample.app */;
			productType = "com.apple.product-type.application";
		};
		F07CA0BD1EAE463B005A240A /* GoneVisibleExampleTests */ = {
			isa = PBXNativeTarget;
			buildConfigurationList = F07CA0D51EAE463B005A240A /* Build configuration list for PBXNativeTarget "GoneVisibleExampleTests" */;
			buildPhases = (
				5B6C0390B44A256192E8D1BB /* [CP] Check Pods Manifest.lock */,
				F07CA0BA1EAE463B005A240A /* Sources */,
				F07CA0BB1EAE463B005A240A /* Frameworks */,
				F07CA0BC1EAE463B005A240A /* Resources */,
				6FF3F7DBBD968DDCC80B96E1 /* [CP] Embed Pods Frameworks */,
				01D2A0E13D6DE61D1582A98C /* [CP] Copy Pods Resources */,
			);
			buildRules = (
			);
			dependencies = (
				F07CA0C01EAE463B005A240A /* PBXTargetDependency */,
			);
			name = GoneVisibleExampleTests;
			productName = GoneVisibleExampleTests;
			productReference = F07CA0BE1EAE463B005A240A /* GoneVisibleExampleTests.xctest */;
			productType = "com.apple.product-type.bundle.unit-test";
		};
		F07CA0C81EAE463B005A240A /* GoneVisibleExampleUITests */ = {
			isa = PBXNativeTarget;
			buildConfigurationList = F07CA0D81EAE463B005A240A /* Build configuration list for PBXNativeTarget "GoneVisibleExampleUITests" */;
			buildPhases = (
				1B4DDC365E57C1E879C16FD6 /* [CP] Check Pods Manifest.lock */,
				F07CA0C51EAE463B005A240A /* Sources */,
				F07CA0C61EAE463B005A240A /* Frameworks */,
				F07CA0C71EAE463B005A240A /* Resources */,
				49CF8CC3F1F12C534A77C55A /* [CP] Embed Pods Frameworks */,
				272183380A55F34C57A80A5E /* [CP] Copy Pods Resources */,
			);
			buildRules = (
			);
			dependencies = (
				F07CA0CB1EAE463B005A240A /* PBXTargetDependency */,
			);
			name = GoneVisibleExampleUITests;
			productName = GoneVisibleExampleUITests;
			productReference = F07CA0C91EAE463B005A240A /* GoneVisibleExampleUITests.xctest */;
			productType = "com.apple.product-type.bundle.ui-testing";
		};
/* End PBXNativeTarget section */

/* Begin PBXProject section */
		F07CA0A21EAE463A005A240A /* Project object */ = {
			isa = PBXProject;
			attributes = {
				LastSwiftUpdateCheck = 0830;
				LastUpgradeCheck = 0830;
				ORGANIZATIONNAME = "Teruto Yamasaki";
				TargetAttributes = {
					F07CA0A91EAE463B005A240A = {
						CreatedOnToolsVersion = 8.3.1;
						DevelopmentTeam = 4HEP6QWLYX;
						ProvisioningStyle = Automatic;
					};
					F07CA0BD1EAE463B005A240A = {
						CreatedOnToolsVersion = 8.3.1;
						DevelopmentTeam = 4HEP6QWLYX;
						ProvisioningStyle = Automatic;
						TestTargetID = F07CA0A91EAE463B005A240A;
					};
					F07CA0C81EAE463B005A240A = {
						CreatedOnToolsVersion = 8.3.1;
						DevelopmentTeam = 4HEP6QWLYX;
						ProvisioningStyle = Automatic;
						TestTargetID = F07CA0A91EAE463B005A240A;
					};
				};
			};
			buildConfigurationList = F07CA0A51EAE463A005A240A /* Build configuration list for PBXProject "GoneVisibleExample" */;
			compatibilityVersion = "Xcode 3.2";
			developmentRegion = English;
			hasScannedForEncodings = 0;
			knownRegions = (
				en,
				Base,
			);
			mainGroup = F07CA0A11EAE463A005A240A;
			productRefGroup = F07CA0AB1EAE463B005A240A /* Products */;
			projectDirPath = "";
			projectRoot = "";
			targets = (
				F07CA0A91EAE463B005A240A /* GoneVisibleExample */,
				F07CA0BD1EAE463B005A240A /* GoneVisibleExampleTests */,
				F07CA0C81EAE463B005A240A /* GoneVisibleExampleUITests */,
			);
		};
/* End PBXProject section */

/* Begin PBXResourcesBuildPhase section */
		F07CA0A81EAE463B005A240A /* Resources */ = {
			isa = PBXResourcesBuildPhase;
			buildActionMask = 2147483647;
			files = (
				F07CA0B81EAE463B005A240A /* LaunchScreen.storyboard in Resources */,
				F07CA0B51EAE463B005A240A /* Assets.xcassets in Resources */,
				F07CA0B31EAE463B005A240A /* Main.storyboard in Resources */,
			);
			runOnlyForDeploymentPostprocessing = 0;
		};
		F07CA0BC1EAE463B005A240A /* Resources */ = {
			isa = PBXResourcesBuildPhase;
			buildActionMask = 2147483647;
			files = (
			);
			runOnlyForDeploymentPostprocessing = 0;
		};
		F07CA0C71EAE463B005A240A /* Resources */ = {
			isa = PBXResourcesBuildPhase;
			buildActionMask = 2147483647;
			files = (
			);
			runOnlyForDeploymentPostprocessing = 0;
		};
/* End PBXResourcesBuildPhase section */

/* Begin PBXShellScriptBuildPhase section */
		01D2A0E13D6DE61D1582A98C /* [CP] Copy Pods Resources */ = {
			isa = PBXShellScriptBuildPhase;
			buildActionMask = 2147483647;
			files = (
			);
			inputPaths = (
			);
			name = "[CP] Copy Pods Resources";
			outputPaths = (
			);
			runOnlyForDeploymentPostprocessing = 0;
			shellPath = /bin/sh;
			shellScript = "\"${SRCROOT}/Pods/Target Support Files/Pods-GoneVisibleExampleTests/Pods-GoneVisibleExampleTests-resources.sh\"\n";
			showEnvVarsInLog = 0;
		};
		1B4DDC365E57C1E879C16FD6 /* [CP] Check Pods Manifest.lock */ = {
			isa = PBXShellScriptBuildPhase;
			buildActionMask = 2147483647;
			files = (
			);
			inputPaths = (
			);
			name = "[CP] Check Pods Manifest.lock";
			outputPaths = (
			);
			runOnlyForDeploymentPostprocessing = 0;
			shellPath = /bin/sh;
			shellScript = "diff \"${PODS_ROOT}/../Podfile.lock\" \"${PODS_ROOT}/Manifest.lock\" > /dev/null\nif [ $? != 0 ] ; then\n    # print error to STDERR\n    echo \"error: The sandbox is not in sync with the Podfile.lock. Run 'pod install' or update your CocoaPods installation.\" >&2\n    exit 1\nfi\n";
			showEnvVarsInLog = 0;
		};
		272183380A55F34C57A80A5E /* [CP] Copy Pods Resources */ = {
			isa = PBXShellScriptBuildPhase;
			buildActionMask = 2147483647;
			files = (
			);
			inputPaths = (
			);
			name = "[CP] Copy Pods Resources";
			outputPaths = (
			);
			runOnlyForDeploymentPostprocessing = 0;
			shellPath = /bin/sh;
			shellScript = "\"${SRCROOT}/Pods/Target Support Files/Pods-GoneVisibleExampleUITests/Pods-GoneVisibleExampleUITests-resources.sh\"\n";
			showEnvVarsInLog = 0;
		};
		49CF8CC3F1F12C534A77C55A /* [CP] Embed Pods Frameworks */ = {
			isa = PBXShellScriptBuildPhase;
			buildActionMask = 2147483647;
			files = (
			);
			inputPaths = (
			);
			name = "[CP] Embed Pods Frameworks";
			outputPaths = (
			);
			runOnlyForDeploymentPostprocessing = 0;
			shellPath = /bin/sh;
			shellScript = "\"${SRCROOT}/Pods/Target Support Files/Pods-GoneVisibleExampleUITests/Pods-GoneVisibleExampleUITests-frameworks.sh\"\n";
			showEnvVarsInLog = 0;
		};
		509D4A1CA27A43B057589F0D /* [CP] Copy Pods Resources */ = {
			isa = PBXShellScriptBuildPhase;
			buildActionMask = 2147483647;
			files = (
			);
			inputPaths = (
			);
			name = "[CP] Copy Pods Resources";
			outputPaths = (
			);
			runOnlyForDeploymentPostprocessing = 0;
			shellPath = /bin/sh;
			shellScript = "\"${SRCROOT}/Pods/Target Support Files/Pods-GoneVisibleExample/Pods-GoneVisibleExample-resources.sh\"\n";
			showEnvVarsInLog = 0;
		};
		5B6C0390B44A256192E8D1BB /* [CP] Check Pods Manifest.lock */ = {
			isa = PBXShellScriptBuildPhase;
			buildActionMask = 2147483647;
			files = (
			);
			inputPaths = (
			);
			name = "[CP] Check Pods Manifest.lock";
			outputPaths = (
			);
			runOnlyForDeploymentPostprocessing = 0;
			shellPath = /bin/sh;
			shellScript = "diff \"${PODS_ROOT}/../Podfile.lock\" \"${PODS_ROOT}/Manifest.lock\" > /dev/null\nif [ $? != 0 ] ; then\n    # print error to STDERR\n    echo \"error: The sandbox is not in sync with the Podfile.lock. Run 'pod install' or update your CocoaPods installation.\" >&2\n    exit 1\nfi\n";
			showEnvVarsInLog = 0;
		};
		653EB9AC4A9062A1E20D18DA /* [CP] Embed Pods Frameworks */ = {
			isa = PBXShellScriptBuildPhase;
			buildActionMask = 2147483647;
			files = (
			);
			inputPaths = (
			);
			name = "[CP] Embed Pods Frameworks";
			outputPaths = (
			);
			runOnlyForDeploymentPostprocessing = 0;
			shellPath = /bin/sh;
			shellScript = "\"${SRCROOT}/Pods/Target Support Files/Pods-GoneVisibleExample/Pods-GoneVisibleExample-frameworks.sh\"\n";
			showEnvVarsInLog = 0;
		};
		6FF3F7DBBD968DDCC80B96E1 /* [CP] Embed Pods Frameworks */ = {
			isa = PBXShellScriptBuildPhase;
			buildActionMask = 2147483647;
			files = (
			);
			inputPaths = (
			);
			name = "[CP] Embed Pods Frameworks";
			outputPaths = (
			);
			runOnlyForDeploymentPostprocessing = 0;
			shellPath = /bin/sh;
			shellScript = "\"${SRCROOT}/Pods/Target Support Files/Pods-GoneVisibleExampleTests/Pods-GoneVisibleExampleTests-frameworks.sh\"\n";
			showEnvVarsInLog = 0;
		};
		EE8200C1D11DEEF5BD2F8822 /* [CP] Check Pods Manifest.lock */ = {
			isa = PBXShellScriptBuildPhase;
			buildActionMask = 2147483647;
			files = (
			);
			inputPaths = (
			);
			name = "[CP] Check Pods Manifest.lock";
			outputPaths = (
			);
			runOnlyForDeploymentPostprocessing = 0;
			shellPath = /bin/sh;
			shellScript = "diff \"${PODS_ROOT}/../Podfile.lock\" \"${PODS_ROOT}/Manifest.lock\" > /dev/null\nif [ $? != 0 ] ; then\n    # print error to STDERR\n    echo \"error: The sandbox is not in sync with the Podfile.lock. Run 'pod install' or update your CocoaPods installation.\" >&2\n    exit 1\nfi\n";
			showEnvVarsInLog = 0;
		};
/* End PBXShellScriptBuildPhase section */

/* Begin PBXSourcesBuildPhase section */
		F07CA0A61EAE463B005A240A /* Sources */ = {
			isa = PBXSourcesBuildPhase;
			buildActionMask = 2147483647;
			files = (
				F07CA0B01EAE463B005A240A /* ViewController.swift in Sources */,
				F07CA0AE1EAE463B005A240A /* AppDelegate.swift in Sources */,
			);
			runOnlyForDeploymentPostprocessing = 0;
		};
		F07CA0BA1EAE463B005A240A /* Sources */ = {
			isa = PBXSourcesBuildPhase;
			buildActionMask = 2147483647;
			files = (
				F07CA0C31EAE463B005A240A /* GoneVisibleExampleTests.swift in Sources */,
			);
			runOnlyForDeploymentPostprocessing = 0;
		};
		F07CA0C51EAE463B005A240A /* Sources */ = {
			isa = PBXSourcesBuildPhase;
			buildActionMask = 2147483647;
			files = (
				F07CA0CE1EAE463B005A240A /* GoneVisibleExampleUITests.swift in Sources */,
			);
			runOnlyForDeploymentPostprocessing = 0;
		};
/* End PBXSourcesBuildPhase section */

/* Begin PBXTargetDependency section */
		F07CA0C01EAE463B005A240A /* PBXTargetDependency */ = {
			isa = PBXTargetDependency;
			target = F07CA0A91EAE463B005A240A /* GoneVisibleExample */;
			targetProxy = F07CA0BF1EAE463B005A240A /* PBXContainerItemProxy */;
		};
		F07CA0CB1EAE463B005A240A /* PBXTargetDependency */ = {
			isa = PBXTargetDependency;
			target = F07CA0A91EAE463B005A240A /* GoneVisibleExample */;
			targetProxy = F07CA0CA1EAE463B005A240A /* PBXContainerItemProxy */;
		};
/* End PBXTargetDependency section */

/* Begin PBXVariantGroup section */
		F07CA0B11EAE463B005A240A /* Main.storyboard */ = {
			isa = PBXVariantGroup;
			children = (
				F07CA0B21EAE463B005A240A /* Base */,
			);
			name = Main.storyboard;
			sourceTree = "<group>";
		};
		F07CA0B61EAE463B005A240A /* LaunchScreen.storyboard */ = {
			isa = PBXVariantGroup;
			children = (
				F07CA0B71EAE463B005A240A /* Base */,
			);
			name = LaunchScreen.storyboard;
			sourceTree = "<group>";
		};
/* End PBXVariantGroup section */

/* Begin XCBuildConfiguration section */
		F07CA0D01EAE463B005A240A /* Debug */ = {
			isa = XCBuildConfiguration;
			buildSettings = {
				ALWAYS_SEARCH_USER_PATHS = NO;
				CLANG_ANALYZER_NONNULL = YES;
				CLANG_ANALYZER_NUMBER_OBJECT_CONVERSION = YES_AGGRESSIVE;
				CLANG_CXX_LANGUAGE_STANDARD = "gnu++0x";
				CLANG_CXX_LIBRARY = "libc++";
				CLANG_ENABLE_MODULES = YES;
				CLANG_ENABLE_OBJC_ARC = YES;
				CLANG_WARN_BOOL_CONVERSION = YES;
				CLANG_WARN_CONSTANT_CONVERSION = YES;
				CLANG_WARN_DIRECT_OBJC_ISA_USAGE = YES_ERROR;
				CLANG_WARN_DOCUMENTATION_COMMENTS = YES;
				CLANG_WARN_EMPTY_BODY = YES;
				CLANG_WARN_ENUM_CONVERSION = YES;
				CLANG_WARN_INFINITE_RECURSION = YES;
				CLANG_WARN_INT_CONVERSION = YES;
				CLANG_WARN_OBJC_ROOT_CLASS = YES_ERROR;
				CLANG_WARN_SUSPICIOUS_MOVE = YES;
				CLANG_WARN_UNREACHABLE_CODE = YES;
				CLANG_WARN__DUPLICATE_METHOD_MATCH = YES;
				"CODE_SIGN_IDENTITY[sdk=iphoneos*]" = "iPhone Developer";
				COPY_PHASE_STRIP = NO;
				DEBUG_INFORMATION_FORMAT = dwarf;
				ENABLE_STRICT_OBJC_MSGSEND = YES;
				ENABLE_TESTABILITY = YES;
				GCC_C_LANGUAGE_STANDARD = gnu99;
				GCC_DYNAMIC_NO_PIC = NO;
				GCC_NO_COMMON_BLOCKS = YES;
				GCC_OPTIMIZATION_LEVEL = 0;
				GCC_PREPROCESSOR_DEFINITIONS = (
					"DEBUG=1",
					"$(inherited)",
				);
				GCC_WARN_64_TO_32_BIT_CONVERSION = YES;
				GCC_WARN_ABOUT_RETURN_TYPE = YES_ERROR;
				GCC_WARN_UNDECLARED_SELECTOR = YES;
				GCC_WARN_UNINITIALIZED_AUTOS = YES_AGGRESSIVE;
				GCC_WARN_UNUSED_FUNCTION = YES;
				GCC_WARN_UNUSED_VARIABLE = YES;
				IPHONEOS_DEPLOYMENT_TARGET = 8.0;
				MTL_ENABLE_DEBUG_INFO = YES;
				ONLY_ACTIVE_ARCH = YES;
				SDKROOT = iphoneos;
				SWIFT_ACTIVE_COMPILATION_CONDITIONS = DEBUG;
				SWIFT_OPTIMIZATION_LEVEL = "-Onone";
			};
			name = Debug;
		};
		F07CA0D11EAE463B005A240A /* Release */ = {
			isa = XCBuildConfiguration;
			buildSettings = {
				ALWAYS_SEARCH_USER_PATHS = NO;
				CLANG_ANALYZER_NONNULL = YES;
				CLANG_ANALYZER_NUMBER_OBJECT_CONVERSION = YES_AGGRESSIVE;
				CLANG_CXX_LANGUAGE_STANDARD = "gnu++0x";
				CLANG_CXX_LIBRARY = "libc++";
				CLANG_ENABLE_MODULES = YES;
				CLANG_ENABLE_OBJC_ARC = YES;
				CLANG_WARN_BOOL_CONVERSION = YES;
				CLANG_WARN_CONSTANT_CONVERSION = YES;
				CLANG_WARN_DIRECT_OBJC_ISA_USAGE = YES_ERROR;
				CLANG_WARN_DOCUMENTATION_COMMENTS = YES;
				CLANG_WARN_EMPTY_BODY = YES;
				CLANG_WARN_ENUM_CONVERSION = YES;
				CLANG_WARN_INFINITE_RECURSION = YES;
				CLANG_WARN_INT_CONVERSION = YES;
				CLANG_WARN_OBJC_ROOT_CLASS = YES_ERROR;
				CLANG_WARN_SUSPICIOUS_MOVE = YES;
				CLANG_WARN_UNREACHABLE_CODE = YES;
				CLANG_WARN__DUPLICATE_METHOD_MATCH = YES;
				"CODE_SIGN_IDENTITY[sdk=iphoneos*]" = "iPhone Developer";
				COPY_PHASE_STRIP = NO;
				DEBUG_INFORMATION_FORMAT = "dwarf-with-dsym";
				ENABLE_NS_ASSERTIONS = NO;
				ENABLE_STRICT_OBJC_MSGSEND = YES;
				GCC_C_LANGUAGE_STANDARD = gnu99;
				GCC_NO_COMMON_BLOCKS = YES;
				GCC_WARN_64_TO_32_BIT_CONVERSION = YES;
				GCC_WARN_ABOUT_RETURN_TYPE = YES_ERROR;
				GCC_WARN_UNDECLARED_SELECTOR = YES;
				GCC_WARN_UNINITIALIZED_AUTOS = YES_AGGRESSIVE;
				GCC_WARN_UNUSED_FUNCTION = YES;
				GCC_WARN_UNUSED_VARIABLE = YES;
				IPHONEOS_DEPLOYMENT_TARGET = 8.0;
				MTL_ENABLE_DEBUG_INFO = NO;
				SDKROOT = iphoneos;
				SWIFT_OPTIMIZATION_LEVEL = "-Owholemodule";
				VALIDATE_PRODUCT = YES;
			};
			name = Release;
		};
		F07CA0D31EAE463B005A240A /* Debug */ = {
			isa = XCBuildConfiguration;
			baseConfigurationReference = FFD71F30332287B507935F7A /* Pods-GoneVisibleExample.debug.xcconfig */;
			buildSettings = {
				ASSETCATALOG_COMPILER_APPICON_NAME = AppIcon;
				DEVELOPMENT_TEAM = 4HEP6QWLYX;
				INFOPLIST_FILE = GoneVisibleExample/Info.plist;
				IPHONEOS_DEPLOYMENT_TARGET = 8.0;
				LD_RUNPATH_SEARCH_PATHS = "$(inherited) @executable_path/Frameworks";
				PRODUCT_BUNDLE_IDENTIFIER = com.snoozelag.GoneVisibleExample;
				PRODUCT_NAME = "$(TARGET_NAME)";
				SWIFT_VERSION = 3.0;
			};
			name = Debug;
		};
		F07CA0D41EAE463B005A240A /* Release */ = {
			isa = XCBuildConfiguration;
			baseConfigurationReference = 717CAF83B383136A0615CA59 /* Pods-GoneVisibleExample.release.xcconfig */;
			buildSettings = {
				ASSETCATALOG_COMPILER_APPICON_NAME = AppIcon;
				DEVELOPMENT_TEAM = 4HEP6QWLYX;
				INFOPLIST_FILE = GoneVisibleExample/Info.plist;
				IPHONEOS_DEPLOYMENT_TARGET = 8.0;
				LD_RUNPATH_SEARCH_PATHS = "$(inherited) @executable_path/Frameworks";
				PRODUCT_BUNDLE_IDENTIFIER = com.snoozelag.GoneVisibleExample;
				PRODUCT_NAME = "$(TARGET_NAME)";
				SWIFT_VERSION = 3.0;
			};
			name = Release;
		};
		F07CA0D61EAE463B005A240A /* Debug */ = {
			isa = XCBuildConfiguration;
			baseConfigurationReference = 20E20E9711DABFD4E922B9C8 /* Pods-GoneVisibleExampleTests.debug.xcconfig */;
			buildSettings = {
				ALWAYS_EMBED_SWIFT_STANDARD_LIBRARIES = YES;
				BUNDLE_LOADER = "$(TEST_HOST)";
				DEVELOPMENT_TEAM = 4HEP6QWLYX;
				INFOPLIST_FILE = GoneVisibleExampleTests/Info.plist;
				LD_RUNPATH_SEARCH_PATHS = "$(inherited) @executable_path/Frameworks @loader_path/Frameworks";
				PRODUCT_BUNDLE_IDENTIFIER = com.snoozelag.GoneVisibleExampleTests;
				PRODUCT_NAME = "$(TARGET_NAME)";
				SWIFT_VERSION = 3.0;
				TEST_HOST = "$(BUILT_PRODUCTS_DIR)/GoneVisibleExample.app/GoneVisibleExample";
			};
			name = Debug;
		};
		F07CA0D71EAE463B005A240A /* Release */ = {
			isa = XCBuildConfiguration;
			baseConfigurationReference = 7C6C2EE2368E7DE55923FB9B /* Pods-GoneVisibleExampleTests.release.xcconfig */;
			buildSettings = {
				ALWAYS_EMBED_SWIFT_STANDARD_LIBRARIES = YES;
				BUNDLE_LOADER = "$(TEST_HOST)";
				DEVELOPMENT_TEAM = 4HEP6QWLYX;
				INFOPLIST_FILE = GoneVisibleExampleTests/Info.plist;
				LD_RUNPATH_SEARCH_PATHS = "$(inherited) @executable_path/Frameworks @loader_path/Frameworks";
				PRODUCT_BUNDLE_IDENTIFIER = com.snoozelag.GoneVisibleExampleTests;
				PRODUCT_NAME = "$(TARGET_NAME)";
				SWIFT_VERSION = 3.0;
				TEST_HOST = "$(BUILT_PRODUCTS_DIR)/GoneVisibleExample.app/GoneVisibleExample";
			};
			name = Release;
		};
		F07CA0D91EAE463B005A240A /* Debug */ = {
			isa = XCBuildConfiguration;
			baseConfigurationReference = 0148BBA7F3C5FF7C281DA238 /* Pods-GoneVisibleExampleUITests.debug.xcconfig */;
			buildSettings = {
				ALWAYS_EMBED_SWIFT_STANDARD_LIBRARIES = YES;
				DEVELOPMENT_TEAM = 4HEP6QWLYX;
				INFOPLIST_FILE = GoneVisibleExampleUITests/Info.plist;
				LD_RUNPATH_SEARCH_PATHS = "$(inherited) @executable_path/Frameworks @loader_path/Frameworks";
				PRODUCT_BUNDLE_IDENTIFIER = com.snoozelag.GoneVisibleExampleUITests;
				PRODUCT_NAME = "$(TARGET_NAME)";
				SWIFT_VERSION = 3.0;
				TEST_TARGET_NAME = GoneVisibleExample;
			};
			name = Debug;
		};
		F07CA0DA1EAE463B005A240A /* Release */ = {
			isa = XCBuildConfiguration;
			baseConfigurationReference = FEE61CC6460D54C13F34B04A /* Pods-GoneVisibleExampleUITests.release.xcconfig */;
			buildSettings = {
				ALWAYS_EMBED_SWIFT_STANDARD_LIBRARIES = YES;
				DEVELOPMENT_TEAM = 4HEP6QWLYX;
				INFOPLIST_FILE = GoneVisibleExampleUITests/Info.plist;
				LD_RUNPATH_SEARCH_PATHS = "$(inherited) @executable_path/Frameworks @loader_path/Frameworks";
				PRODUCT_BUNDLE_IDENTIFIER = com.snoozelag.GoneVisibleExampleUITests;
				PRODUCT_NAME = "$(TARGET_NAME)";
				SWIFT_VERSION = 3.0;
				TEST_TARGET_NAME = GoneVisibleExample;
			};
			name = Release;
		};
/* End XCBuildConfiguration section */

/* Begin XCConfigurationList section */
		F07CA0A51EAE463A005A240A /* Build configuration list for PBXProject "GoneVisibleExample" */ = {
			isa = XCConfigurationList;
			buildConfigurations = (
				F07CA0D01EAE463B005A240A /* Debug */,
				F07CA0D11EAE463B005A240A /* Release */,
			);
			defaultConfigurationIsVisible = 0;
			defaultConfigurationName = Release;
		};
		F07CA0D21EAE463B005A240A /* Build configuration list for PBXNativeTarget "GoneVisibleExample" */ = {
			isa = XCConfigurationList;
			buildConfigurations = (
				F07CA0D31EAE463B005A240A /* Debug */,
				F07CA0D41EAE463B005A240A /* Release */,
			);
			defaultConfigurationIsVisible = 0;
			defaultConfigurationName = Release;
		};
		F07CA0D51EAE463B005A240A /* Build configuration list for PBXNativeTarget "GoneVisibleExampleTests" */ = {
			isa = XCConfigurationList;
			buildConfigurations = (
				F07CA0D61EAE463B005A240A /* Debug */,
				F07CA0D71EAE463B005A240A /* Release */,
			);
			defaultConfigurationIsVisible = 0;
			defaultConfigurationName = Release;
		};
		F07CA0D81EAE463B005A240A /* Build configuration list for PBXNativeTarget "GoneVisibleExampleUITests" */ = {
			isa = XCConfigurationList;
			buildConfigurations = (
				F07CA0D91EAE463B005A240A /* Debug */,
				F07CA0DA1EAE463B005A240A /* Release */,
			);
			defaultConfigurationIsVisible = 0;
			defaultConfigurationName = Release;
		};
/* End XCConfigurationList section */
	};
	rootObject = F07CA0A21EAE463A005A240A /* Project object */;
}
